
Microsoft Visual Studio Solution File, Format Version 12.00
# Visual Studio Version 16
VisualStudioVersion = 16.0.31702.278
MinimumVisualStudioVersion = 10.0.40219.1
Project("{8BC9CEB8-8B4A-11D0-8D11-00A0C91BC942}") = "X-OB", "X-OB\X-OB.vcxproj", "{CCC1331E-067E-4D97-906F-149C5390C6DD}"
EndProject
Global
	GlobalSection(SolutionConfigurationPlatforms) = preSolution
		Debug|x64 = Debug|x64
		Debug|x86 = Debug|x86
		Release|x64 = Release|x64
		Release|x86 = Release|x86
	EndGlobalSection
	GlobalSection(ProjectConfigurationPlatforms) = postSolution
		{CCC1331E-067E-4D97-906F-149C5390C6DD}.Debug|x64.ActiveCfg = Debug|x64
		{CCC1331E-067E-4D97-906F-149C5390C6DD}.Debug|x64.Build.0 = Debug|x64
		{CCC1331E-067E-4D97-906F-149C5390C6DD}.Debug|x86.ActiveCfg = Debug|Win32
		{CCC1331E-067E-4D97-906F-149C5390C6DD}.Debug|x86.Build.0 = Debug|Win32
		{CCC1331E-067E-4D97-906F-149C5390C6DD}.Release|x64.ActiveCfg = Release|x64
		{CCC1331E-067E-4D97-906F-149C5390C6DD}.Release|x64.Build.0 = Release|x64
		{CCC1331E-067E-4D97-906F-149C5390C6DD}.Release|x86.ActiveCfg = Release|Win32
		{CCC1331E-067E-4D97-906F-149C5390C6DD}.Release|x86.Build.0 = Release|Win32
	EndGlobalSection
	GlobalSection(SolutionProperties) = preSolution
		HideSolutionNode = FALSE
	EndGlobalSection
	GlobalSection(ExtensibilityGlobals) = postSolution
		SolutionGuid = {DAC3A099-346C-4341-9B0B-6C76B1F7C654}
	EndGlobalSection
EndGlobal
